// !$*UTF8*$!
{
	archiveVersion = 1;
	classes = {
	};
	objectVersion = 50;
	objects = {

/* Begin PBXBuildFile section */
		2A304A9E24B655F700B100F1 /* AppDelegate.swift in Sources */ = {isa = PBXBuildFile; fileRef = 2A304A9D24B655F700B100F1 /* AppDelegate.swift */; };
		2A304AA024B655F700B100F1 /* SceneDelegate.swift in Sources */ = {isa = PBXBuildFile; fileRef = 2A304A9F24B655F700B100F1 /* SceneDelegate.swift */; };
		2A304AA224B655F700B100F1 /* ViewController.swift in Sources */ = {isa = PBXBuildFile; fileRef = 2A304AA124B655F700B100F1 /* ViewController.swift */; };
		2A304AA524B655F700B100F1 /* Main.storyboard in Resources */ = {isa = PBXBuildFile; fileRef = 2A304AA324B655F700B100F1 /* Main.storyboard */; };
		2A304AA724B655FD00B100F1 /* Assets.xcassets in Resources */ = {isa = PBXBuildFile; fileRef = 2A304AA624B655FD00B100F1 /* Assets.xcassets */; };
		2A304AAA24B655FD00B100F1 /* LaunchScreen.storyboard in Resources */ = {isa = PBXBuildFile; fileRef = 2A304AA824B655FD00B100F1 /* LaunchScreen.storyboard */; };
		2A33A41124B74B4700E57E93 /* Utilities.swift in Sources */ = {isa = PBXBuildFile; fileRef = 2A33A41024B74B4700E57E93 /* Utilities.swift */; };
		2A33A41424B7525200E57E93 /* HomeViewController.swift in Sources */ = {isa = PBXBuildFile; fileRef = 2A33A41324B7525200E57E93 /* HomeViewController.swift */; };
		2A33A41924B7B20F00E57E93 /* AutoImageSliderCell.swift in Sources */ = {isa = PBXBuildFile; fileRef = 2A33A41824B7B20F00E57E93 /* AutoImageSliderCell.swift */; };
		2A3B555124B9B12D00A4E7DA /* ResultViewController.swift in Sources */ = {isa = PBXBuildFile; fileRef = 2A3B555024B9B12D00A4E7DA /* ResultViewController.swift */; };
		2A450E7F24B8E04400881927 /* SeatPlanViewController.swift in Sources */ = {isa = PBXBuildFile; fileRef = 2A450E7E24B8E04400881927 /* SeatPlanViewController.swift */; };
		2A450E8224B8F3AA00881927 /* a.json in Resources */ = {isa = PBXBuildFile; fileRef = 2A450E8124B8F3AA00881927 /* a.json */; };
		2A450E8424B8F42A00881927 /* Bundle.swift in Sources */ = {isa = PBXBuildFile; fileRef = 2A450E8324B8F42A00881927 /* Bundle.swift */; };
		2A450E8624B8F71700881927 /* SeatPlanModel.swift in Sources */ = {isa = PBXBuildFile; fileRef = 2A450E8524B8F71700881927 /* SeatPlanModel.swift */; };
		2A450E8924B8FD8A00881927 /* b.json in Resources */ = {isa = PBXBuildFile; fileRef = 2A450E8824B8FD8A00881927 /* b.json */; };
		2A450E8B24B8FD9400881927 /* c.json in Resources */ = {isa = PBXBuildFile; fileRef = 2A450E8A24B8FD9400881927 /* c.json */; };
		2A7FE3DE24B9B92500E1103A /* ResultMode.swift in Sources */ = {isa = PBXBuildFile; fileRef = 2A7FE3DD24B9B92500E1103A /* ResultMode.swift */; };
		2A7FE3E224B9BCC000E1103A /* r_b.json in Resources */ = {isa = PBXBuildFile; fileRef = 2A7FE3DF24B9BCC000E1103A /* r_b.json */; };
		2A7FE3E324B9BCC000E1103A /* r_a.json in Resources */ = {isa = PBXBuildFile; fileRef = 2A7FE3E024B9BCC000E1103A /* r_a.json */; };
		2A7FE3E424B9BCC000E1103A /* r_c.json in Resources */ = {isa = PBXBuildFile; fileRef = 2A7FE3E124B9BCC000E1103A /* r_c.json */; };
		2A7FE3E624B9D9B500E1103A /* VivaResultViewController.swift in Sources */ = {isa = PBXBuildFile; fileRef = 2A7FE3E524B9D9B500E1103A /* VivaResultViewController.swift */; };
		2A7FE3EB24B9E92900E1103A /* VivaViewCell.swift in Sources */ = {isa = PBXBuildFile; fileRef = 2A7FE3E924B9E92900E1103A /* VivaViewCell.swift */; };
		2A7FE3EC24B9E92900E1103A /* VivaViewCell.xib in Resources */ = {isa = PBXBuildFile; fileRef = 2A7FE3EA24B9E92900E1103A /* VivaViewCell.xib */; };
/* End PBXBuildFile section */

/* Begin PBXFileReference section */
		2A304A9A24B655F700B100F1 /* MBSTU Admission Help Line.app */ = {isa = PBXFileReference; explicitFileType = wrapper.application; includeInIndex = 0; path = "MBSTU Admission Help Line.app"; sourceTree = BUILT_PRODUCTS_DIR; };
		2A304A9D24B655F700B100F1 /* AppDelegate.swift */ = {isa = PBXFileReference; lastKnownFileType = sourcecode.swift; path = AppDelegate.swift; sourceTree = "<group>"; };
		2A304A9F24B655F700B100F1 /* SceneDelegate.swift */ = {isa = PBXFileReference; lastKnownFileType = sourcecode.swift; path = SceneDelegate.swift; sourceTree = "<group>"; };
		2A304AA124B655F700B100F1 /* ViewController.swift */ = {isa = PBXFileReference; lastKnownFileType = sourcecode.swift; path = ViewController.swift; sourceTree = "<group>"; };
		2A304AA424B655F700B100F1 /* Base */ = {isa = PBXFileReference; lastKnownFileType = file.storyboard; name = Base; path = Base.lproj/Main.storyboard; sourceTree = "<group>"; };
		2A304AA624B655FD00B100F1 /* Assets.xcassets */ = {isa = PBXFileReference; lastKnownFileType = folder.assetcatalog; path = Assets.xcassets; sourceTree = "<group>"; };
		2A304AA924B655FD00B100F1 /* Base */ = {isa = PBXFileReference; lastKnownFileType = file.storyboard; name = Base; path = Base.lproj/LaunchScreen.storyboard; sourceTree = "<group>"; };
		2A304AAB24B655FD00B100F1 /* Info.plist */ = {isa = PBXFileReference; lastKnownFileType = text.plist.xml; path = Info.plist; sourceTree = "<group>"; };
		2A33A41024B74B4700E57E93 /* Utilities.swift */ = {isa = PBXFileReference; lastKnownFileType = sourcecode.swift; path = Utilities.swift; sourceTree = "<group>"; };
		2A33A41324B7525200E57E93 /* HomeViewController.swift */ = {isa = PBXFileReference; lastKnownFileType = sourcecode.swift; path = HomeViewController.swift; sourceTree = "<group>"; };
		2A33A41824B7B20F00E57E93 /* AutoImageSliderCell.swift */ = {isa = PBXFileReference; lastKnownFileType = sourcecode.swift; path = AutoImageSliderCell.swift; sourceTree = "<group>"; };
		2A3B555024B9B12D00A4E7DA /* ResultViewController.swift */ = {isa = PBXFileReference; lastKnownFileType = sourcecode.swift; path = ResultViewController.swift; sourceTree = "<group>"; };
		2A450E7E24B8E04400881927 /* SeatPlanViewController.swift */ = {isa = PBXFileReference; lastKnownFileType = sourcecode.swift; path = SeatPlanViewController.swift; sourceTree = "<group>"; };
		2A450E8124B8F3AA00881927 /* a.json */ = {isa = PBXFileReference; fileEncoding = 4; lastKnownFileType = text.json; path = a.json; sourceTree = "<group>"; };
		2A450E8324B8F42A00881927 /* Bundle.swift */ = {isa = PBXFileReference; lastKnownFileType = sourcecode.swift; path = Bundle.swift; sourceTree = "<group>"; };
		2A450E8524B8F71700881927 /* SeatPlanModel.swift */ = {isa = PBXFileReference; lastKnownFileType = sourcecode.swift; path = SeatPlanModel.swift; sourceTree = "<group>"; };
		2A450E8824B8FD8A00881927 /* b.json */ = {isa = PBXFileReference; fileEncoding = 4; lastKnownFileType = text.json; path = b.json; sourceTree = "<group>"; };
		2A450E8A24B8FD9400881927 /* c.json */ = {isa = PBXFileReference; fileEncoding = 4; lastKnownFileType = text.json; path = c.json; sourceTree = "<group>"; };
		2A7FE3DD24B9B92500E1103A /* ResultMode.swift */ = {isa = PBXFileReference; lastKnownFileType = sourcecode.swift; path = ResultMode.swift; sourceTree = "<group>"; };
		2A7FE3DF24B9BCC000E1103A /* r_b.json */ = {isa = PBXFileReference; fileEncoding = 4; lastKnownFileType = text.json; path = r_b.json; sourceTree = "<group>"; };
		2A7FE3E024B9BCC000E1103A /* r_a.json */ = {isa = PBXFileReference; fileEncoding = 4; lastKnownFileType = text.json; path = r_a.json; sourceTree = "<group>"; };
		2A7FE3E124B9BCC000E1103A /* r_c.json */ = {isa = PBXFileReference; fileEncoding = 4; lastKnownFileType = text.json; path = r_c.json; sourceTree = "<group>"; };
		2A7FE3E524B9D9B500E1103A /* VivaResultViewController.swift */ = {isa = PBXFileReference; lastKnownFileType = sourcecode.swift; path = VivaResultViewController.swift; sourceTree = "<group>"; };
		2A7FE3E924B9E92900E1103A /* VivaViewCell.swift */ = {isa = PBXFileReference; lastKnownFileType = sourcecode.swift; path = VivaViewCell.swift; sourceTree = "<group>"; };
		2A7FE3EA24B9E92900E1103A /* VivaViewCell.xib */ = {isa = PBXFileReference; lastKnownFileType = file.xib; path = VivaViewCell.xib; sourceTree = "<group>"; };
/* End PBXFileReference section */

/* Begin PBXFrameworksBuildPhase section */
		2A304A9724B655F700B100F1 /* Frameworks */ = {
			isa = PBXFrameworksBuildPhase;
			buildActionMask = 2147483647;
			files = (
			);
			runOnlyForDeploymentPostprocessing = 0;
		};
/* End PBXFrameworksBuildPhase section */

/* Begin PBXGroup section */
		2A304A9124B655F700B100F1 = {
			isa = PBXGroup;
			children = (
				2A304A9C24B655F700B100F1 /* MBSTU Admission Help Line */,
				2A304A9B24B655F700B100F1 /* Products */,
			);
			sourceTree = "<group>";
		};
		2A304A9B24B655F700B100F1 /* Products */ = {
			isa = PBXGroup;
			children = (
				2A304A9A24B655F700B100F1 /* MBSTU Admission Help Line.app */,
			);
			name = Products;
			sourceTree = "<group>";
		};
		2A304A9C24B655F700B100F1 /* MBSTU Admission Help Line */ = {
			isa = PBXGroup;
			children = (
				2A33A41224B7520300E57E93 /* Storyboard */,
				2A304AB324B656DA00B100F1 /* Model */,
				2A304AB224B656D400B100F1 /* View */,
				2A304AB124B656C300B100F1 /* Controller */,
				2A304A9D24B655F700B100F1 /* AppDelegate.swift */,
				2A304A9F24B655F700B100F1 /* SceneDelegate.swift */,
				2A304AA624B655FD00B100F1 /* Assets.xcassets */,
				2A304AA824B655FD00B100F1 /* LaunchScreen.storyboard */,
				2A304AAB24B655FD00B100F1 /* Info.plist */,
			);
			path = "MBSTU Admission Help Line";
			sourceTree = "<group>";
		};
		2A304AB124B656C300B100F1 /* Controller */ = {
			isa = PBXGroup;
			children = (
				2A304AA124B655F700B100F1 /* ViewController.swift */,
				2A33A41324B7525200E57E93 /* HomeViewController.swift */,
				2A450E7E24B8E04400881927 /* SeatPlanViewController.swift */,
				2A3B555024B9B12D00A4E7DA /* ResultViewController.swift */,
				2A7FE3E524B9D9B500E1103A /* VivaResultViewController.swift */,
			);
			path = Controller;
			sourceTree = "<group>";
		};
		2A304AB224B656D400B100F1 /* View */ = {
			isa = PBXGroup;
			children = (
				2A7FE3E824B9E8F400E1103A /* VivaView */,
				2A33A41724B7B1BA00E57E93 /* HomeView */,
				2A33A40F24B74B2900E57E93 /* UtilitiesView */,
			);
			path = View;
			sourceTree = "<group>";
		};
		2A304AB324B656DA00B100F1 /* Model */ = {
			isa = PBXGroup;
			children = (
				2A7FE3E724B9E8CE00E1103A /* VivaModel */,
				2A7FE3DC24B9B90500E1103A /* ResultModel */,
				2A450E8724B8FC2C00881927 /* Bundle */,
				2A450E8024B8F27100881927 /* SeatPlanModel */,
			);
			path = Model;
			sourceTree = "<group>";
		};
		2A33A40F24B74B2900E57E93 /* UtilitiesView */ = {
			isa = PBXGroup;
			children = (
				2A33A41024B74B4700E57E93 /* Utilities.swift */,
			);
			path = UtilitiesView;
			sourceTree = "<group>";
		};
		2A33A41224B7520300E57E93 /* Storyboard */ = {
			isa = PBXGroup;
			children = (
				2A304AA324B655F700B100F1 /* Main.storyboard */,
			);
			path = Storyboard;
			sourceTree = "<group>";
		};
		2A33A41724B7B1BA00E57E93 /* HomeView */ = {
			isa = PBXGroup;
			children = (
				2A33A41824B7B20F00E57E93 /* AutoImageSliderCell.swift */,
			);
			path = HomeView;
			sourceTree = "<group>";
		};
		2A450E8024B8F27100881927 /* SeatPlanModel */ = {
			isa = PBXGroup;
			children = (
				2A450E8524B8F71700881927 /* SeatPlanModel.swift */,
				2A450E8124B8F3AA00881927 /* a.json */,
				2A450E8824B8FD8A00881927 /* b.json */,
				2A450E8A24B8FD9400881927 /* c.json */,
			);
			path = SeatPlanModel;
			sourceTree = "<group>";
		};
		2A450E8724B8FC2C00881927 /* Bundle */ = {
			isa = PBXGroup;
			children = (
				2A450E8324B8F42A00881927 /* Bundle.swift */,
			);
			path = Bundle;
			sourceTree = "<group>";
		};
		2A7FE3DC24B9B90500E1103A /* ResultModel */ = {
			isa = PBXGroup;
			children = (
				2A7FE3DD24B9B92500E1103A /* ResultMode.swift */,
				2A7FE3E024B9BCC000E1103A /* r_a.json */,
				2A7FE3DF24B9BCC000E1103A /* r_b.json */,
				2A7FE3E124B9BCC000E1103A /* r_c.json */,
			);
			path = ResultModel;
			sourceTree = "<group>";
		};
		2A7FE3E724B9E8CE00E1103A /* VivaModel */ = {
			isa = PBXGroup;
			children = (
			);
			path = VivaModel;
			sourceTree = "<group>";
		};
		2A7FE3E824B9E8F400E1103A /* VivaView */ = {
			isa = PBXGroup;
			children = (
				2A7FE3E924B9E92900E1103A /* VivaViewCell.swift */,
				2A7FE3EA24B9E92900E1103A /* VivaViewCell.xib */,
			);
			path = VivaView;
			sourceTree = "<group>";
		};
/* End PBXGroup section */

/* Begin PBXNativeTarget section */
		2A304A9924B655F700B100F1 /* MBSTU Admission Help Line */ = {
			isa = PBXNativeTarget;
			buildConfigurationList = 2A304AAE24B655FD00B100F1 /* Build configuration list for PBXNativeTarget "MBSTU Admission Help Line" */;
			buildPhases = (
				2A304A9624B655F700B100F1 /* Sources */,
				2A304A9724B655F700B100F1 /* Frameworks */,
				2A304A9824B655F700B100F1 /* Resources */,
			);
			buildRules = (
			);
			dependencies = (
			);
			name = "MBSTU Admission Help Line";
			productName = "MBSTU Admission Help Line";
			productReference = 2A304A9A24B655F700B100F1 /* MBSTU Admission Help Line.app */;
			productType = "com.apple.product-type.application";
		};
/* End PBXNativeTarget section */

/* Begin PBXProject section */
		2A304A9224B655F700B100F1 /* Project object */ = {
			isa = PBXProject;
			attributes = {
				LastSwiftUpdateCheck = 1110;
				LastUpgradeCheck = 1110;
				ORGANIZATIONNAME = "Md Khaled Hasan Manna";
				TargetAttributes = {
					2A304A9924B655F700B100F1 = {
						CreatedOnToolsVersion = 11.1;
					};
				};
			};
			buildConfigurationList = 2A304A9524B655F700B100F1 /* Build configuration list for PBXProject "MBSTU Admission Help Line" */;
			compatibilityVersion = "Xcode 9.3";
			developmentRegion = en;
			hasScannedForEncodings = 0;
			knownRegions = (
				en,
				Base,
			);
			mainGroup = 2A304A9124B655F700B100F1;
			productRefGroup = 2A304A9B24B655F700B100F1 /* Products */;
			projectDirPath = "";
			projectRoot = "";
			targets = (
				2A304A9924B655F700B100F1 /* MBSTU Admission Help Line */,
			);
		};
/* End PBXProject section */

/* Begin PBXResourcesBuildPhase section */
		2A304A9824B655F700B100F1 /* Resources */ = {
			isa = PBXResourcesBuildPhase;
			buildActionMask = 2147483647;
			files = (
				2A450E8924B8FD8A00881927 /* b.json in Resources */,
				2A304AAA24B655FD00B100F1 /* LaunchScreen.storyboard in Resources */,
				2A7FE3E424B9BCC000E1103A /* r_c.json in Resources */,
				2A7FE3E324B9BCC000E1103A /* r_a.json in Resources */,
				2A304AA724B655FD00B100F1 /* Assets.xcassets in Resources */,
				2A7FE3E224B9BCC000E1103A /* r_b.json in Resources */,
				2A450E8B24B8FD9400881927 /* c.json in Resources */,
				2A304AA524B655F700B100F1 /* Main.storyboard in Resources */,
				2A7FE3EC24B9E92900E1103A /* VivaViewCell.xib in Resources */,
				2A450E8224B8F3AA00881927 /* a.json in Resources */,
			);
			runOnlyForDeploymentPostprocessing = 0;
		};
/* End PBXResourcesBuildPhase section */

/* Begin PBXSourcesBuildPhase section */
		2A304A9624B655F700B100F1 /* Sources */ = {
			isa = PBXSourcesBuildPhase;
			buildActionMask = 2147483647;
			files = (
				2A33A41424B7525200E57E93 /* HomeViewController.swift in Sources */,
				2A7FE3E624B9D9B500E1103A /* VivaResultViewController.swift in Sources */,
				2A7FE3DE24B9B92500E1103A /* ResultMode.swift in Sources */,
				2A450E8424B8F42A00881927 /* Bundle.swift in Sources */,
				2A304AA224B655F700B100F1 /* ViewController.swift in Sources */,
				2A304A9E24B655F700B100F1 /* AppDelegate.swift in Sources */,
				2A450E8624B8F71700881927 /* SeatPlanModel.swift in Sources */,
				2A3B555124B9B12D00A4E7DA /* ResultViewController.swift in Sources */,
				2A7FE3EB24B9E92900E1103A /* VivaViewCell.swift in Sources */,
				2A33A41924B7B20F00E57E93 /* AutoImageSliderCell.swift in Sources */,
				2A33A41124B74B4700E57E93 /* Utilities.swift in Sources */,
				2A304AA024B655F700B100F1 /* SceneDelegate.swift in Sources */,
				2A450E7F24B8E04400881927 /* SeatPlanViewController.swift in Sources */,
			);
			runOnlyForDeploymentPostprocessing = 0;
		};
/* End PBXSourcesBuildPhase section */

/* Begin PBXVariantGroup section */
		2A304AA324B655F700B100F1 /* Main.storyboard */ = {
			isa = PBXVariantGroup;
			children = (
				2A304AA424B655F700B100F1 /* Base */,
			);
			name = Main.storyboard;
			sourceTree = "<group>";
		};
		2A304AA824B655FD00B100F1 /* LaunchScreen.storyboard */ = {
			isa = PBXVariantGroup;
			children = (
				2A304AA924B655FD00B100F1 /* Base */,
			);
			name = LaunchScreen.storyboard;
			sourceTree = "<group>";
		};
/* End PBXVariantGroup section */

/* Begin XCBuildConfiguration section */
		2A304AAC24B655FD00B100F1 /* Debug */ = {
			isa = XCBuildConfiguration;
			buildSettings = {
				ALWAYS_SEARCH_USER_PATHS = NO;
				CLANG_ANALYZER_NONNULL = YES;
				CLANG_ANALYZER_NUMBER_OBJECT_CONVERSION = YES_AGGRESSIVE;
				CLANG_CXX_LANGUAGE_STANDARD = "gnu++14";
				CLANG_CXX_LIBRARY = "libc++";
				CLANG_ENABLE_MODULES = YES;
				CLANG_ENABLE_OBJC_ARC = YES;
				CLANG_ENABLE_OBJC_WEAK = YES;
				CLANG_WARN_BLOCK_CAPTURE_AUTORELEASING = YES;
				CLANG_WARN_BOOL_CONVERSION = YES;
				CLANG_WARN_COMMA = YES;
				CLANG_WARN_CONSTANT_CONVERSION = YES;
				CLANG_WARN_DEPRECATED_OBJC_IMPLEMENTATIONS = YES;
				CLANG_WARN_DIRECT_OBJC_ISA_USAGE = YES_ERROR;
				CLANG_WARN_DOCUMENTATION_COMMENTS = YES;
				CLANG_WARN_EMPTY_BODY = YES;
				CLANG_WARN_ENUM_CONVERSION = YES;
				CLANG_WARN_INFINITE_RECURSION = YES;
				CLANG_WARN_INT_CONVERSION = YES;
				CLANG_WARN_NON_LITERAL_NULL_CONVERSION = YES;
				CLANG_WARN_OBJC_IMPLICIT_RETAIN_SELF = YES;
				CLANG_WARN_OBJC_LITERAL_CONVERSION = YES;
				CLANG_WARN_OBJC_ROOT_CLASS = YES_ERROR;
				CLANG_WARN_RANGE_LOOP_ANALYSIS = YES;
				CLANG_WARN_STRICT_PROTOTYPES = YES;
				CLANG_WARN_SUSPICIOUS_MOVE = YES;
				CLANG_WARN_UNGUARDED_AVAILABILITY = YES_AGGRESSIVE;
				CLANG_WARN_UNREACHABLE_CODE = YES;
				CLANG_WARN__DUPLICATE_METHOD_MATCH = YES;
				COPY_PHASE_STRIP = NO;
				DEBUG_INFORMATION_FORMAT = dwarf;
				ENABLE_STRICT_OBJC_MSGSEND = YES;
				ENABLE_TESTABILITY = YES;
				GCC_C_LANGUAGE_STANDARD = gnu11;
				GCC_DYNAMIC_NO_PIC = NO;
				GCC_NO_COMMON_BLOCKS = YES;
				GCC_OPTIMIZATION_LEVEL = 0;
				GCC_PREPROCESSOR_DEFINITIONS = (
					"DEBUG=1",
					"$(inherited)",
				);
				GCC_WARN_64_TO_32_BIT_CONVERSION = YES;
				GCC_WARN_ABOUT_RETURN_TYPE = YES_ERROR;
				GCC_WARN_UNDECLARED_SELECTOR = YES;
				GCC_WARN_UNINITIALIZED_AUTOS = YES_AGGRESSIVE;
				GCC_WARN_UNUSED_FUNCTION = YES;
				GCC_WARN_UNUSED_VARIABLE = YES;
				IPHONEOS_DEPLOYMENT_TARGET = 13.1;
				MTL_ENABLE_DEBUG_INFO = INCLUDE_SOURCE;
				MTL_FAST_MATH = YES;
				ONLY_ACTIVE_ARCH = YES;
				SDKROOT = iphoneos;
				SWIFT_ACTIVE_COMPILATION_CONDITIONS = DEBUG;
				SWIFT_OPTIMIZATION_LEVEL = "-Onone";
			};
			name = Debug;
		};
		2A304AAD24B655FD00B100F1 /* Release */ = {
			isa = XCBuildConfiguration;
			buildSettings = {
				ALWAYS_SEARCH_USER_PATHS = NO;
				CLANG_ANALYZER_NONNULL = YES;
				CLANG_ANALYZER_NUMBER_OBJECT_CONVERSION = YES_AGGRESSIVE;
				CLANG_CXX_LANGUAGE_STANDARD = "gnu++14";
				CLANG_CXX_LIBRARY = "libc++";
				CLANG_ENABLE_MODULES = YES;
				CLANG_ENABLE_OBJC_ARC = YES;
				CLANG_ENABLE_OBJC_WEAK = YES;
				CLANG_WARN_BLOCK_CAPTURE_AUTORELEASING = YES;
				CLANG_WARN_BOOL_CONVERSION = YES;
				CLANG_WARN_COMMA = YES;
				CLANG_WARN_CONSTANT_CONVERSION = YES;
				CLANG_WARN_DEPRECATED_OBJC_IMPLEMENTATIONS = YES;
				CLANG_WARN_DIRECT_OBJC_ISA_USAGE = YES_ERROR;
				CLANG_WARN_DOCUMENTATION_COMMENTS = YES;
				CLANG_WARN_EMPTY_BODY = YES;
				CLANG_WARN_ENUM_CONVERSION = YES;
				CLANG_WARN_INFINITE_RECURSION = YES;
				CLANG_WARN_INT_CONVERSION = YES;
				CLANG_WARN_NON_LITERAL_NULL_CONVERSION = YES;
				CLANG_WARN_OBJC_IMPLICIT_RETAIN_SELF = YES;
				CLANG_WARN_OBJC_LITERAL_CONVERSION = YES;
				CLANG_WARN_OBJC_ROOT_CLASS = YES_ERROR;
				CLANG_WARN_RANGE_LOOP_ANALYSIS = YES;
				CLANG_WARN_STRICT_PROTOTYPES = YES;
				CLANG_WARN_SUSPICIOUS_MOVE = YES;
				CLANG_WARN_UNGUARDED_AVAILABILITY = YES_AGGRESSIVE;
				CLANG_WARN_UNREACHABLE_CODE = YES;
				CLANG_WARN__DUPLICATE_METHOD_MATCH = YES;
				COPY_PHASE_STRIP = NO;
				DEBUG_INFORMATION_FORMAT = "dwarf-with-dsym";
				ENABLE_NS_ASSERTIONS = NO;
				ENABLE_STRICT_OBJC_MSGSEND = YES;
				GCC_C_LANGUAGE_STANDARD = gnu11;
				GCC_NO_COMMON_BLOCKS = YES;
				GCC_WARN_64_TO_32_BIT_CONVERSION = YES;
				GCC_WARN_ABOUT_RETURN_TYPE = YES_ERROR;
				GCC_WARN_UNDECLARED_SELECTOR = YES;
				GCC_WARN_UNINITIALIZED_AUTOS = YES_AGGRESSIVE;
				GCC_WARN_UNUSED_FUNCTION = YES;
				GCC_WARN_UNUSED_VARIABLE = YES;
				IPHONEOS_DEPLOYMENT_TARGET = 13.1;
				MTL_ENABLE_DEBUG_INFO = NO;
				MTL_FAST_MATH = YES;
				SDKROOT = iphoneos;
				SWIFT_COMPILATION_MODE = wholemodule;
				SWIFT_OPTIMIZATION_LEVEL = "-O";
				VALIDATE_PRODUCT = YES;
			};
			name = Release;
		};
		2A304AAF24B655FD00B100F1 /* Debug */ = {
			isa = XCBuildConfiguration;
			buildSettings = {
				ASSETCATALOG_COMPILER_APPICON_NAME = AppIcon;
				CODE_SIGN_STYLE = Automatic;
				DEVELOPMENT_TEAM = MKCXG9MS9M;
				INFOPLIST_FILE = "MBSTU Admission Help Line/Info.plist";
				LD_RUNPATH_SEARCH_PATHS = (
					"$(inherited)",
					"@executable_path/Frameworks",
				);
				PRODUCT_BUNDLE_IDENTIFIER = "com.ict.manna.MBSTU-Admission-Help-Line";
				PRODUCT_NAME = "$(TARGET_NAME)";
				SWIFT_VERSION = 5.0;
				TARGETED_DEVICE_FAMILY = "1,2";
			};
			name = Debug;
		};
		2A304AB024B655FD00B100F1 /* Release */ = {
			isa = XCBuildConfiguration;
			buildSettings = {
				ASSETCATALOG_COMPILER_APPICON_NAME = AppIcon;
				CODE_SIGN_STYLE = Automatic;
				DEVELOPMENT_TEAM = MKCXG9MS9M;
				INFOPLIST_FILE = "MBSTU Admission Help Line/Info.plist";
				LD_RUNPATH_SEARCH_PATHS = (
					"$(inherited)",
					"@executable_path/Frameworks",
				);
				PRODUCT_BUNDLE_IDENTIFIER = "com.ict.manna.MBSTU-Admission-Help-Line";
				PRODUCT_NAME = "$(TARGET_NAME)";
				SWIFT_VERSION = 5.0;
				TARGETED_DEVICE_FAMILY = "1,2";
			};
			name = Release;
		};
/* End XCBuildConfiguration section */

/* Begin XCConfigurationList section */
		2A304A9524B655F700B100F1 /* Build configuration list for PBXProject "MBSTU Admission Help Line" */ = {
			isa = XCConfigurationList;
			buildConfigurations = (
				2A304AAC24B655FD00B100F1 /* Debug */,
				2A304AAD24B655FD00B100F1 /* Release */,
			);
			defaultConfigurationIsVisible = 0;
			defaultConfigurationName = Release;
		};
		2A304AAE24B655FD00B100F1 /* Build configuration list for PBXNativeTarget "MBSTU Admission Help Line" */ = {
			isa = XCConfigurationList;
			buildConfigurations = (
				2A304AAF24B655FD00B100F1 /* Debug */,
				2A304AB024B655FD00B100F1 /* Release */,
			);
			defaultConfigurationIsVisible = 0;
			defaultConfigurationName = Release;
		};
/* End XCConfigurationList section */
	};
	rootObject = 2A304A9224B655F700B100F1 /* Project object */;
}
